
Microsoft Visual Studio Solution File, Format Version 12.00
# Visual Studio Version 16
VisualStudioVersion = 16.0.31321.278
MinimumVisualStudioVersion = 10.0.40219.1
Project("{9A19103F-16F7-4668-BE54-9A1E7A4F7556}") = "Loan applications", "Loan applications.csproj", "{27503CE1-1A7B-485D-BE0C-3953C7C3610D}"
EndProject
Global
	GlobalSection(SolutionConfigurationPlatforms) = preSolution
		Debug|Any CPU = Debug|Any CPU
		Release|Any CPU = Release|Any CPU
	EndGlobalSection
	GlobalSection(ProjectConfigurationPlatforms) = postSolution
		{27503CE1-1A7B-485D-BE0C-3953C7C3610D}.Debug|Any CPU.ActiveCfg = Debug|Any CPU
		{27503CE1-1A7B-485D-BE0C-3953C7C3610D}.Debug|Any CPU.Build.0 = Debug|Any CPU
		{27503CE1-1A7B-485D-BE0C-3953C7C3610D}.Release|Any CPU.ActiveCfg = Release|Any CPU
		{27503CE1-1A7B-485D-BE0C-3953C7C3610D}.Release|Any CPU.Build.0 = Release|Any CPU
	EndGlobalSection
	GlobalSection(SolutionProperties) = preSolution
		HideSolutionNode = FALSE
	EndGlobalSection
	GlobalSection(ExtensibilityGlobals) = postSolution
		SolutionGuid = {34006C44-23DF-45A7-A54D-4BE1DED17860}
	EndGlobalSection
EndGlobal
